{
  "name": "lithograph",
  "version": "0.0.2",
  "lockfileVersion": 1,
  "requires": true,
  "dependencies": {
    "@lithograph/browser": {
      "version": "0.0.3",
      "resolved": "https://registry.npmjs.org/@lithograph/browser/-/browser-0.0.3.tgz",
      "integrity": "sha512-jDJnEzwkKm5Rhv9D9U4AsGnrOsGT1TARx1PZjr3lo73+Ptz2vYEpGiJ2LABpssKzxODcxL3bfwwqrqlF0xAZBw=="
    },
    "forked-require": {
      "version": "0.0.3",
      "resolved": "https://registry.npmjs.org/forked-require/-/forked-require-0.0.3.tgz",
      "integrity": "sha512-TXY3C0prJL+T/svQn/UefcbnyA0a9ggfGeuyFIpWibJo6c8XmgWsl8hJhzHRv4E93tr62Yv1GK4lQEIkutz+2w==",
      "requires": {
        "immutable": "3.8.2"
      }
    },
    "immutable": {
      "version": "3.8.2",
      "resolved": "https://registry.npmjs.org/immutable/-/immutable-3.8.2.tgz",
      "integrity": "sha1-wkOZUUVbs5kT2vKBN28VMOEErfM="
    }
  }
}
